
Microsoft Visual Studio Solution File, Format Version 12.00
# Visual Studio Version 16
VisualStudioVersion = 16.0.32002.261
MinimumVisualStudioVersion = 10.0.40219.1
Project("{8BC9CEB8-8B4A-11D0-8D11-00A0C91BC942}") = "Lab1CPP", "Lab1CPP\Lab1CPP.vcxproj", "{6FA48E09-3DF9-436D-89A3-AB5368731BAD}"
EndProject
Project("{8BC9CEB8-8B4A-11D0-8D11-00A0C91BC942}") = "Lab2CPP", "Lab2CPP\Lab2CPP.vcxproj", "{05680863-7ED2-49E2-95D3-0B8AFD9454C8}"
EndProject
Project("{8BC9CEB8-8B4A-11D0-8D11-00A0C91BC942}") = "Lab3CPP", "Lab3CPP\Lab3CPP.vcxproj", "{31D6175F-F7B8-4C7A-82BA-09D0794065DC}"
EndProject
Project("{8BC9CEB8-8B4A-11D0-8D11-00A0C91BC942}") = "Lab4CPP", "Lab4CPP\Lab4CPP.vcxproj", "{B3260F35-D88E-48D7-BCE3-8C6E40E24591}"
EndProject
Project("{8BC9CEB8-8B4A-11D0-8D11-00A0C91BC942}") = "Lab5CPP", "Lab5CPP\Lab5CPP.vcxproj", "{F5B4990E-7B68-4237-8B75-532D2F06A61A}"
EndProject
Project("{8BC9CEB8-8B4A-11D0-8D11-00A0C91BC942}") = "Lab6CPP", "Lab6CPP\Lab6CPP.vcxproj", "{1CFE86BD-5078-4F26-AFF4-4F826061CD4E}"
EndProject
Global
	GlobalSection(SolutionConfigurationPlatforms) = preSolution
		Debug|x64 = Debug|x64
		Debug|x86 = Debug|x86
		Release|x64 = Release|x64
		Release|x86 = Release|x86
	EndGlobalSection
	GlobalSection(ProjectConfigurationPlatforms) = postSolution
		{6FA48E09-3DF9-436D-89A3-AB5368731BAD}.Debug|x64.ActiveCfg = Debug|x64
		{6FA48E09-3DF9-436D-89A3-AB5368731BAD}.Debug|x64.Build.0 = Debug|x64
		{6FA48E09-3DF9-436D-89A3-AB5368731BAD}.Debug|x86.ActiveCfg = Debug|Win32
		{6FA48E09-3DF9-436D-89A3-AB5368731BAD}.Debug|x86.Build.0 = Debug|Win32
		{6FA48E09-3DF9-436D-89A3-AB5368731BAD}.Release|x64.ActiveCfg = Release|x64
		{6FA48E09-3DF9-436D-89A3-AB5368731BAD}.Release|x64.Build.0 = Release|x64
		{6FA48E09-3DF9-436D-89A3-AB5368731BAD}.Release|x86.ActiveCfg = Release|Win32
		{6FA48E09-3DF9-436D-89A3-AB5368731BAD}.Release|x86.Build.0 = Release|Win32
		{05680863-7ED2-49E2-95D3-0B8AFD9454C8}.Debug|x64.ActiveCfg = Debug|x64
		{05680863-7ED2-49E2-95D3-0B8AFD9454C8}.Debug|x64.Build.0 = Debug|x64
		{05680863-7ED2-49E2-95D3-0B8AFD9454C8}.Debug|x86.ActiveCfg = Debug|Win32
		{05680863-7ED2-49E2-95D3-0B8AFD9454C8}.Debug|x86.Build.0 = Debug|Win32
		{05680863-7ED2-49E2-95D3-0B8AFD9454C8}.Release|x64.ActiveCfg = Release|x64
		{05680863-7ED2-49E2-95D3-0B8AFD9454C8}.Release|x64.Build.0 = Release|x64
		{05680863-7ED2-49E2-95D3-0B8AFD9454C8}.Release|x86.ActiveCfg = Release|Win32
		{05680863-7ED2-49E2-95D3-0B8AFD9454C8}.Release|x86.Build.0 = Release|Win32
		{31D6175F-F7B8-4C7A-82BA-09D0794065DC}.Debug|x64.ActiveCfg = Debug|x64
		{31D6175F-F7B8-4C7A-82BA-09D0794065DC}.Debug|x64.Build.0 = Debug|x64
		{31D6175F-F7B8-4C7A-82BA-09D0794065DC}.Debug|x86.ActiveCfg = Debug|Win32
		{31D6175F-F7B8-4C7A-82BA-09D0794065DC}.Debug|x86.Build.0 = Debug|Win32
		{31D6175F-F7B8-4C7A-82BA-09D0794065DC}.Release|x64.ActiveCfg = Release|x64
		{31D6175F-F7B8-4C7A-82BA-09D0794065DC}.Release|x64.Build.0 = Release|x64
		{31D6175F-F7B8-4C7A-82BA-09D0794065DC}.Release|x86.ActiveCfg = Release|Win32
		{31D6175F-F7B8-4C7A-82BA-09D0794065DC}.Release|x86.Build.0 = Release|Win32
		{B3260F35-D88E-48D7-BCE3-8C6E40E24591}.Debug|x64.ActiveCfg = Debug|x64
		{B3260F35-D88E-48D7-BCE3-8C6E40E24591}.Debug|x64.Build.0 = Debug|x64
		{B3260F35-D88E-48D7-BCE3-8C6E40E24591}.Debug|x86.ActiveCfg = Debug|Win32
		{B3260F35-D88E-48D7-BCE3-8C6E40E24591}.Debug|x86.Build.0 = Debug|Win32
		{B3260F35-D88E-48D7-BCE3-8C6E40E24591}.Release|x64.ActiveCfg = Release|x64
		{B3260F35-D88E-48D7-BCE3-8C6E40E24591}.Release|x64.Build.0 = Release|x64
		{B3260F35-D88E-48D7-BCE3-8C6E40E24591}.Release|x86.ActiveCfg = Release|Win32
		{B3260F35-D88E-48D7-BCE3-8C6E40E24591}.Release|x86.Build.0 = Release|Win32
		{F5B4990E-7B68-4237-8B75-532D2F06A61A}.Debug|x64.ActiveCfg = Debug|x64
		{F5B4990E-7B68-4237-8B75-532D2F06A61A}.Debug|x64.Build.0 = Debug|x64
		{F5B4990E-7B68-4237-8B75-532D2F06A61A}.Debug|x86.ActiveCfg = Debug|Win32
		{F5B4990E-7B68-4237-8B75-532D2F06A61A}.Debug|x86.Build.0 = Debug|Win32
		{F5B4990E-7B68-4237-8B75-532D2F06A61A}.Release|x64.ActiveCfg = Release|x64
		{F5B4990E-7B68-4237-8B75-532D2F06A61A}.Release|x64.Build.0 = Release|x64
		{F5B4990E-7B68-4237-8B75-532D2F06A61A}.Release|x86.ActiveCfg = Release|Win32
		{F5B4990E-7B68-4237-8B75-532D2F06A61A}.Release|x86.Build.0 = Release|Win32
		{1CFE86BD-5078-4F26-AFF4-4F826061CD4E}.Debug|x64.ActiveCfg = Debug|x64
		{1CFE86BD-5078-4F26-AFF4-4F826061CD4E}.Debug|x64.Build.0 = Debug|x64
		{1CFE86BD-5078-4F26-AFF4-4F826061CD4E}.Debug|x86.ActiveCfg = Debug|Win32
		{1CFE86BD-5078-4F26-AFF4-4F826061CD4E}.Debug|x86.Build.0 = Debug|Win32
		{1CFE86BD-5078-4F26-AFF4-4F826061CD4E}.Release|x64.ActiveCfg = Release|x64
		{1CFE86BD-5078-4F26-AFF4-4F826061CD4E}.Release|x64.Build.0 = Release|x64
		{1CFE86BD-5078-4F26-AFF4-4F826061CD4E}.Release|x86.ActiveCfg = Release|Win32
		{1CFE86BD-5078-4F26-AFF4-4F826061CD4E}.Release|x86.Build.0 = Release|Win32
	EndGlobalSection
	GlobalSection(SolutionProperties) = preSolution
		HideSolutionNode = FALSE
	EndGlobalSection
	GlobalSection(ExtensibilityGlobals) = postSolution
		SolutionGuid = {D956CAC0-11E4-40E5-8D04-8609FCDCC57F}
	EndGlobalSection
EndGlobal
